dependencies:
- name: kibana
  repository: https://helm.elastic.co
  version: 8.5.1
- name: elasticsearch
  repository: https://helm.elastic.co
  version: 8.5.1
- name: fluentd
  repository: https://fluent.github.io/helm-charts
  version: 0.3.9
digest: sha256:ca8f3dbba6c0fe5f2fbc2c73846b2ef4f29bb14442671b21a4e4e7bcbd6d6ec8
generated: "2023-01-21T21:05:54.020523351+02:00"
